
Microsoft Visual Studio Solution File, Format Version 12.00
# Visual Studio Version 17
VisualStudioVersion = 17.11.35327.3
MinimumVisualStudioVersion = 10.0.40219.1
Project("{888888A0-9F3D-457C-B088-3A5042F75D52}") = "Todo_list_gui", "Todo_list_gui\Todo_list_gui.pyproj", "{5F552F3E-B75A-4DFA-8813-2B7C4E7E9673}"
EndProject
Global
	GlobalSection(SolutionConfigurationPlatforms) = preSolution
		Debug|Any CPU = Debug|Any CPU
		Release|Any CPU = Release|Any CPU
	EndGlobalSection
	GlobalSection(ProjectConfigurationPlatforms) = postSolution
		{5F552F3E-B75A-4DFA-8813-2B7C4E7E9673}.Debug|Any CPU.ActiveCfg = Debug|Any CPU
		{5F552F3E-B75A-4DFA-8813-2B7C4E7E9673}.Release|Any CPU.ActiveCfg = Release|Any CPU
	EndGlobalSection
	GlobalSection(SolutionProperties) = preSolution
		HideSolutionNode = FALSE
	EndGlobalSection
	GlobalSection(ExtensibilityGlobals) = postSolution
		SolutionGuid = {1B1424CF-4FEC-4769-B9A7-B9075A5AF903}
	EndGlobalSection
EndGlobal
